
Microsoft Visual Studio Solution File, Format Version 12.00
Project("{FAE04EC0-301F-11D3-BF4B-00C04F79EFBC}") = "WpfApplication1", "WpfApplication1\WpfApplication1.csproj", "{DBE0F9C0-ADC2-46F1-9F54-3900E23EA5DD}"
EndProject
Global
	GlobalSection(SolutionConfigurationPlatforms) = preSolution
		Debug|Any CPU = Debug|Any CPU
		Release|Any CPU = Release|Any CPU
	EndGlobalSection
	GlobalSection(ProjectConfigurationPlatforms) = postSolution
		{DBE0F9C0-ADC2-46F1-9F54-3900E23EA5DD}.Debug|Any CPU.ActiveCfg = Debug|Any CPU
		{DBE0F9C0-ADC2-46F1-9F54-3900E23EA5DD}.Debug|Any CPU.Build.0 = Debug|Any CPU
		{DBE0F9C0-ADC2-46F1-9F54-3900E23EA5DD}.Release|Any CPU.ActiveCfg = Release|Any CPU
		{DBE0F9C0-ADC2-46F1-9F54-3900E23EA5DD}.Release|Any CPU.Build.0 = Release|Any CPU
	EndGlobalSection
EndGlobal
