
Microsoft Visual Studio Solution File, Format Version 12.00
Project("{FAE04EC0-301F-11D3-BF4B-00C04F79EFBC}") = "EditorMtzBlazor", "EditorMtzBlazor\EditorMtzBlazor.csproj", "{8DF63E50-3EC7-4CB1-B9ED-9DB2BA08E05B}"
EndProject
Global
	GlobalSection(SolutionConfigurationPlatforms) = preSolution
		Debug|Any CPU = Debug|Any CPU
		Release|Any CPU = Release|Any CPU
	EndGlobalSection
	GlobalSection(ProjectConfigurationPlatforms) = postSolution
		{8DF63E50-3EC7-4CB1-B9ED-9DB2BA08E05B}.Debug|Any CPU.ActiveCfg = Debug|Any CPU
		{8DF63E50-3EC7-4CB1-B9ED-9DB2BA08E05B}.Debug|Any CPU.Build.0 = Debug|Any CPU
		{8DF63E50-3EC7-4CB1-B9ED-9DB2BA08E05B}.Release|Any CPU.ActiveCfg = Release|Any CPU
		{8DF63E50-3EC7-4CB1-B9ED-9DB2BA08E05B}.Release|Any CPU.Build.0 = Release|Any CPU
	EndGlobalSection
EndGlobal
